// !$*UTF8*$!
{
	archiveVersion = 1;
	classes = {
	};
	objectVersion = 46;
	objects = {

/* Begin PBXBuildFile section */
		B12F055D1BF9D0ED00ABDEB6 /* main.m in Sources */ = {isa = PBXBuildFile; fileRef = B12F055C1BF9D0ED00ABDEB6 /* main.m */; };
		B12F05601BF9D0ED00ABDEB6 /* AppDelegate.m in Sources */ = {isa = PBXBuildFile; fileRef = B12F055F1BF9D0ED00ABDEB6 /* AppDelegate.m */; };
		B12F05631BF9D0ED00ABDEB6 /* ViewController.m in Sources */ = {isa = PBXBuildFile; fileRef = B12F05621BF9D0ED00ABDEB6 /* ViewController.m */; };
		B12F05661BF9D0ED00ABDEB6 /* Main.storyboard in Resources */ = {isa = PBXBuildFile; fileRef = B12F05641BF9D0ED00ABDEB6 /* Main.storyboard */; };
		B12F05681BF9D0ED00ABDEB6 /* Images.xcassets in Resources */ = {isa = PBXBuildFile; fileRef = B12F05671BF9D0ED00ABDEB6 /* Images.xcassets */; };
		B12F056B1BF9D0ED00ABDEB6 /* LaunchScreen.xib in Resources */ = {isa = PBXBuildFile; fileRef = B12F05691BF9D0ED00ABDEB6 /* LaunchScreen.xib */; };
		B12F05771BF9D0ED00ABDEB6 /* Crazy21Tests.m in Sources */ = {isa = PBXBuildFile; fileRef = B12F05761BF9D0ED00ABDEB6 /* Crazy21Tests.m */; };
/* End PBXBuildFile section */

/* Begin PBXContainerItemProxy section */
		B12F05711BF9D0ED00ABDEB6 /* PBXContainerItemProxy */ = {
			isa = PBXContainerItemProxy;
			containerPortal = B12F054F1BF9D0ED00ABDEB6 /* Project object */;
			proxyType = 1;
			remoteGlobalIDString = B12F05561BF9D0ED00ABDEB6;
			remoteInfo = Crazy21;
		};
/* End PBXContainerItemProxy section */

/* Begin PBXFileReference section */
		B12F05571BF9D0ED00ABDEB6 /* Crazy21.app */ = {isa = PBXFileReference; explicitFileType = wrapper.application; includeInIndex = 0; path = Crazy21.app; sourceTree = BUILT_PRODUCTS_DIR; };
		B12F055B1BF9D0ED00ABDEB6 /* Info.plist */ = {isa = PBXFileReference; lastKnownFileType = text.plist.xml; path = Info.plist; sourceTree = "<group>"; };
		B12F055C1BF9D0ED00ABDEB6 /* main.m */ = {isa = PBXFileReference; lastKnownFileType = sourcecode.c.objc; path = main.m; sourceTree = "<group>"; };
		B12F055E1BF9D0ED00ABDEB6 /* AppDelegate.h */ = {isa = PBXFileReference; lastKnownFileType = sourcecode.c.h; path = AppDelegate.h; sourceTree = "<group>"; };
		B12F055F1BF9D0ED00ABDEB6 /* AppDelegate.m */ = {isa = PBXFileReference; lastKnownFileType = sourcecode.c.objc; path = AppDelegate.m; sourceTree = "<group>"; };
		B12F05611BF9D0ED00ABDEB6 /* ViewController.h */ = {isa = PBXFileReference; lastKnownFileType = sourcecode.c.h; path = ViewController.h; sourceTree = "<group>"; };
		B12F05621BF9D0ED00ABDEB6 /* ViewController.m */ = {isa = PBXFileReference; lastKnownFileType = sourcecode.c.objc; path = ViewController.m; sourceTree = "<group>"; };
		B12F05651BF9D0ED00ABDEB6 /* Base */ = {isa = PBXFileReference; lastKnownFileType = file.storyboard; name = Base; path = Base.lproj/Main.storyboard; sourceTree = "<group>"; };
		B12F05671BF9D0ED00ABDEB6 /* Images.xcassets */ = {isa = PBXFileReference; lastKnownFileType = folder.assetcatalog; path = Images.xcassets; sourceTree = "<group>"; };
		B12F056A1BF9D0ED00ABDEB6 /* Base */ = {isa = PBXFileReference; lastKnownFileType = file.xib; name = Base; path = Base.lproj/LaunchScreen.xib; sourceTree = "<group>"; };
		B12F05701BF9D0ED00ABDEB6 /* Crazy21Tests.xctest */ = {isa = PBXFileReference; explicitFileType = wrapper.cfbundle; includeInIndex = 0; path = Crazy21Tests.xctest; sourceTree = BUILT_PRODUCTS_DIR; };
		B12F05751BF9D0ED00ABDEB6 /* Info.plist */ = {isa = PBXFileReference; lastKnownFileType = text.plist.xml; path = Info.plist; sourceTree = "<group>"; };
		B12F05761BF9D0ED00ABDEB6 /* Crazy21Tests.m */ = {isa = PBXFileReference; lastKnownFileType = sourcecode.c.objc; path = Crazy21Tests.m; sourceTree = "<group>"; };
/* End PBXFileReference section */

/* Begin PBXFrameworksBuildPhase section */
		B12F05541BF9D0ED00ABDEB6 /* Frameworks */ = {
			isa = PBXFrameworksBuildPhase;
			buildActionMask = 2147483647;
			files = (
			);
			runOnlyForDeploymentPostprocessing = 0;
		};
		B12F056D1BF9D0ED00ABDEB6 /* Frameworks */ = {
			isa = PBXFrameworksBuildPhase;
			buildActionMask = 2147483647;
			files = (
			);
			runOnlyForDeploymentPostprocessing = 0;
		};
/* End PBXFrameworksBuildPhase section */

/* Begin PBXGroup section */
		B12F054E1BF9D0ED00ABDEB6 = {
			isa = PBXGroup;
			children = (
				B12F05591BF9D0ED00ABDEB6 /* Crazy21 */,
				B12F05731BF9D0ED00ABDEB6 /* Crazy21Tests */,
				B12F05581BF9D0ED00ABDEB6 /* Products */,
			);
			sourceTree = "<group>";
		};
		B12F05581BF9D0ED00ABDEB6 /* Products */ = {
			isa = PBXGroup;
			children = (
				B12F05571BF9D0ED00ABDEB6 /* Crazy21.app */,
				B12F05701BF9D0ED00ABDEB6 /* Crazy21Tests.xctest */,
			);
			name = Products;
			sourceTree = "<group>";
		};
		B12F05591BF9D0ED00ABDEB6 /* Crazy21 */ = {
			isa = PBXGroup;
			children = (
				B12F055E1BF9D0ED00ABDEB6 /* AppDelegate.h */,
				B12F055F1BF9D0ED00ABDEB6 /* AppDelegate.m */,
				B12F05611BF9D0ED00ABDEB6 /* ViewController.h */,
				B12F05621BF9D0ED00ABDEB6 /* ViewController.m */,
				B12F05641BF9D0ED00ABDEB6 /* Main.storyboard */,
				B12F05671BF9D0ED00ABDEB6 /* Images.xcassets */,
				B12F05691BF9D0ED00ABDEB6 /* LaunchScreen.xib */,
				B12F055A1BF9D0ED00ABDEB6 /* Supporting Files */,
			);
			path = Crazy21;
			sourceTree = "<group>";
		};
		B12F055A1BF9D0ED00ABDEB6 /* Supporting Files */ = {
			isa = PBXGroup;
			children = (
				B12F055B1BF9D0ED00ABDEB6 /* Info.plist */,
				B12F055C1BF9D0ED00ABDEB6 /* main.m */,
			);
			name = "Supporting Files";
			sourceTree = "<group>";
		};
		B12F05731BF9D0ED00ABDEB6 /* Crazy21Tests */ = {
			isa = PBXGroup;
			children = (
				B12F05761BF9D0ED00ABDEB6 /* Crazy21Tests.m */,
				B12F05741BF9D0ED00ABDEB6 /* Supporting Files */,
			);
			path = Crazy21Tests;
			sourceTree = "<group>";
		};
		B12F05741BF9D0ED00ABDEB6 /* Supporting Files */ = {
			isa = PBXGroup;
			children = (
				B12F05751BF9D0ED00ABDEB6 /* Info.plist */,
			);
			name = "Supporting Files";
			sourceTree = "<group>";
		};
/* End PBXGroup section */

/* Begin PBXNativeTarget section */
		B12F05561BF9D0ED00ABDEB6 /* Crazy21 */ = {
			isa = PBXNativeTarget;
			buildConfigurationList = B12F057A1BF9D0ED00ABDEB6 /* Build configuration list for PBXNativeTarget "Crazy21" */;
			buildPhases = (
				B12F05531BF9D0ED00ABDEB6 /* Sources */,
				B12F05541BF9D0ED00ABDEB6 /* Frameworks */,
				B12F05551BF9D0ED00ABDEB6 /* Resources */,
			);
			buildRules = (
			);
			dependencies = (
			);
			name = Crazy21;
			productName = Crazy21;
			productReference = B12F05571BF9D0ED00ABDEB6 /* Crazy21.app */;
			productType = "com.apple.product-type.application";
		};
		B12F056F1BF9D0ED00ABDEB6 /* Crazy21Tests */ = {
			isa = PBXNativeTarget;
			buildConfigurationList = B12F057D1BF9D0ED00ABDEB6 /* Build configuration list for PBXNativeTarget "Crazy21Tests" */;
			buildPhases = (
				B12F056C1BF9D0ED00ABDEB6 /* Sources */,
				B12F056D1BF9D0ED00ABDEB6 /* Frameworks */,
				B12F056E1BF9D0ED00ABDEB6 /* Resources */,
			);
			buildRules = (
			);
			dependencies = (
				B12F05721BF9D0ED00ABDEB6 /* PBXTargetDependency */,
			);
			name = Crazy21Tests;
			productName = Crazy21Tests;
			productReference = B12F05701BF9D0ED00ABDEB6 /* Crazy21Tests.xctest */;
			productType = "com.apple.product-type.bundle.unit-test";
		};
/* End PBXNativeTarget section */

/* Begin PBXProject section */
		B12F054F1BF9D0ED00ABDEB6 /* Project object */ = {
			isa = PBXProject;
			attributes = {
				LastUpgradeCheck = 0640;
				ORGANIZATIONNAME = Arron;
				TargetAttributes = {
					B12F05561BF9D0ED00ABDEB6 = {
						CreatedOnToolsVersion = 6.4;
					};
					B12F056F1BF9D0ED00ABDEB6 = {
						CreatedOnToolsVersion = 6.4;
						TestTargetID = B12F05561BF9D0ED00ABDEB6;
					};
				};
			};
			buildConfigurationList = B12F05521BF9D0ED00ABDEB6 /* Build configuration list for PBXProject "Crazy21" */;
			compatibilityVersion = "Xcode 3.2";
			developmentRegion = English;
			hasScannedForEncodings = 0;
			knownRegions = (
				en,
				Base,
			);
			mainGroup = B12F054E1BF9D0ED00ABDEB6;
			productRefGroup = B12F05581BF9D0ED00ABDEB6 /* Products */;
			projectDirPath = "";
			projectRoot = "";
			targets = (
				B12F05561BF9D0ED00ABDEB6 /* Crazy21 */,
				B12F056F1BF9D0ED00ABDEB6 /* Crazy21Tests */,
			);
		};
/* End PBXProject section */

/* Begin PBXResourcesBuildPhase section */
		B12F05551BF9D0ED00ABDEB6 /* Resources */ = {
			isa = PBXResourcesBuildPhase;
			buildActionMask = 2147483647;
			files = (
				B12F05661BF9D0ED00ABDEB6 /* Main.storyboard in Resources */,
				B12F056B1BF9D0ED00ABDEB6 /* LaunchScreen.xib in Resources */,
				B12F05681BF9D0ED00ABDEB6 /* Images.xcassets in Resources */,
			);
			runOnlyForDeploymentPostprocessing = 0;
		};
		B12F056E1BF9D0ED00ABDEB6 /* Resources */ = {
			isa = PBXResourcesBuildPhase;
			buildActionMask = 2147483647;
			files = (
			);
			runOnlyForDeploymentPostprocessing = 0;
		};
/* End PBXResourcesBuildPhase section */

/* Begin PBXSourcesBuildPhase section */
		B12F05531BF9D0ED00ABDEB6 /* Sources */ = {
			isa = PBXSourcesBuildPhase;
			buildActionMask = 2147483647;
			files = (
				B12F05631BF9D0ED00ABDEB6 /* ViewController.m in Sources */,
				B12F05601BF9D0ED00ABDEB6 /* AppDelegate.m in Sources */,
				B12F055D1BF9D0ED00ABDEB6 /* main.m in Sources */,
			);
			runOnlyForDeploymentPostprocessing = 0;
		};
		B12F056C1BF9D0ED00ABDEB6 /* Sources */ = {
			isa = PBXSourcesBuildPhase;
			buildActionMask = 2147483647;
			files = (
				B12F05771BF9D0ED00ABDEB6 /* Crazy21Tests.m in Sources */,
			);
			runOnlyForDeploymentPostprocessing = 0;
		};
/* End PBXSourcesBuildPhase section */

/* Begin PBXTargetDependency section */
		B12F05721BF9D0ED00ABDEB6 /* PBXTargetDependency */ = {
			isa = PBXTargetDependency;
			target = B12F05561BF9D0ED00ABDEB6 /* Crazy21 */;
			targetProxy = B12F05711BF9D0ED00ABDEB6 /* PBXContainerItemProxy */;
		};
/* End PBXTargetDependency section */

/* Begin PBXVariantGroup section */
		B12F05641BF9D0ED00ABDEB6 /* Main.storyboard */ = {
			isa = PBXVariantGroup;
			children = (
				B12F05651BF9D0ED00ABDEB6 /* Base */,
			);
			name = Main.storyboard;
			sourceTree = "<group>";
		};
		B12F05691BF9D0ED00ABDEB6 /* LaunchScreen.xib */ = {
			isa = PBXVariantGroup;
			children = (
				B12F056A1BF9D0ED00ABDEB6 /* Base */,
			);
			name = LaunchScreen.xib;
			sourceTree = "<group>";
		};
/* End PBXVariantGroup section */

/* Begin XCBuildConfiguration section */
		B12F05781BF9D0ED00ABDEB6 /* Debug */ = {
			isa = XCBuildConfiguration;
			buildSettings = {
				ALWAYS_SEARCH_USER_PATHS = NO;
				CLANG_CXX_LANGUAGE_STANDARD = "gnu++0x";
				CLANG_CXX_LIBRARY = "libc++";
				CLANG_ENABLE_MODULES = YES;
				CLANG_ENABLE_OBJC_ARC = YES;
				CLANG_WARN_BOOL_CONVERSION = YES;
				CLANG_WARN_CONSTANT_CONVERSION = YES;
				CLANG_WARN_DIRECT_OBJC_ISA_USAGE = YES_ERROR;
				CLANG_WARN_EMPTY_BODY = YES;
				CLANG_WARN_ENUM_CONVERSION = YES;
				CLANG_WARN_INT_CONVERSION = YES;
				CLANG_WARN_OBJC_ROOT_CLASS = YES_ERROR;
				CLANG_WARN_UNREACHABLE_CODE = YES;
				CLANG_WARN__DUPLICATE_METHOD_MATCH = YES;
				"CODE_SIGN_IDENTITY[sdk=iphoneos*]" = "iPhone Developer";
				COPY_PHASE_STRIP = NO;
				DEBUG_INFORMATION_FORMAT = "dwarf-with-dsym";
				ENABLE_STRICT_OBJC_MSGSEND = YES;
				GCC_C_LANGUAGE_STANDARD = gnu99;
				GCC_DYNAMIC_NO_PIC = NO;
				GCC_NO_COMMON_BLOCKS = YES;
				GCC_OPTIMIZATION_LEVEL = 0;
				GCC_PREPROCESSOR_DEFINITIONS = (
					"DEBUG=1",
					"$(inherited)",
				);
				GCC_SYMBOLS_PRIVATE_EXTERN = NO;
				GCC_WARN_64_TO_32_BIT_CONVERSION = YES;
				GCC_WARN_ABOUT_RETURN_TYPE = YES_ERROR;
				GCC_WARN_UNDECLARED_SELECTOR = YES;
				GCC_WARN_UNINITIALIZED_AUTOS = YES_AGGRESSIVE;
				GCC_WARN_UNUSED_FUNCTION = YES;
				GCC_WARN_UNUSED_VARIABLE = YES;
				IPHONEOS_DEPLOYMENT_TARGET = 8.4;
				MTL_ENABLE_DEBUG_INFO = YES;
				ONLY_ACTIVE_ARCH = YES;
				SDKROOT = iphoneos;
			};
			name = Debug;
		};
		B12F05791BF9D0ED00ABDEB6 /* Release */ = {
			isa = XCBuildConfiguration;
			buildSettings = {
				ALWAYS_SEARCH_USER_PATHS = NO;
				CLANG_CXX_LANGUAGE_STANDARD = "gnu++0x";
				CLANG_CXX_LIBRARY = "libc++";
				CLANG_ENABLE_MODULES = YES;
				CLANG_ENABLE_OBJC_ARC = YES;
				CLANG_WARN_BOOL_CONVERSION = YES;
				CLANG_WARN_CONSTANT_CONVERSION = YES;
				CLANG_WARN_DIRECT_OBJC_ISA_USAGE = YES_ERROR;
				CLANG_WARN_EMPTY_BODY = YES;
				CLANG_WARN_ENUM_CONVERSION = YES;
				CLANG_WARN_INT_CONVERSION = YES;
				CLANG_WARN_OBJC_ROOT_CLASS = YES_ERROR;
				CLANG_WARN_UNREACHABLE_CODE = YES;
				CLANG_WARN__DUPLICATE_METHOD_MATCH = YES;
				"CODE_SIGN_IDENTITY[sdk=iphoneos*]" = "iPhone Developer";
				COPY_PHASE_STRIP = NO;
				DEBUG_INFORMATION_FORMAT = "dwarf-with-dsym";
				ENABLE_NS_ASSERTIONS = NO;
				ENABLE_STRICT_OBJC_MSGSEND = YES;
				GCC_C_LANGUAGE_STANDARD = gnu99;
				GCC_NO_COMMON_BLOCKS = YES;
				GCC_WARN_64_TO_32_BIT_CONVERSION = YES;
				GCC_WARN_ABOUT_RETURN_TYPE = YES_ERROR;
				GCC_WARN_UNDECLARED_SELECTOR = YES;
				GCC_WARN_UNINITIALIZED_AUTOS = YES_AGGRESSIVE;
				GCC_WARN_UNUSED_FUNCTION = YES;
				GCC_WARN_UNUSED_VARIABLE = YES;
				IPHONEOS_DEPLOYMENT_TARGET = 8.4;
				MTL_ENABLE_DEBUG_INFO = NO;
				SDKROOT = iphoneos;
				VALIDATE_PRODUCT = YES;
			};
			name = Release;
		};
		B12F057B1BF9D0ED00ABDEB6 /* Debug */ = {
			isa = XCBuildConfiguration;
			buildSettings = {
				ASSETCATALOG_COMPILER_APPICON_NAME = AppIcon;
				INFOPLIST_FILE = Crazy21/Info.plist;
				LD_RUNPATH_SEARCH_PATHS = "$(inherited) @executable_path/Frameworks";
				PRODUCT_NAME = "$(TARGET_NAME)";
			};
			name = Debug;
		};
		B12F057C1BF9D0ED00ABDEB6 /* Release */ = {
			isa = XCBuildConfiguration;
			buildSettings = {
				ASSETCATALOG_COMPILER_APPICON_NAME = AppIcon;
				INFOPLIST_FILE = Crazy21/Info.plist;
				LD_RUNPATH_SEARCH_PATHS = "$(inherited) @executable_path/Frameworks";
				PRODUCT_NAME = "$(TARGET_NAME)";
			};
			name = Release;
		};
		B12F057E1BF9D0ED00ABDEB6 /* Debug */ = {
			isa = XCBuildConfiguration;
			buildSettings = {
				BUNDLE_LOADER = "$(TEST_HOST)";
				FRAMEWORK_SEARCH_PATHS = (
					"$(SDKROOT)/Developer/Library/Frameworks",
					"$(inherited)",
				);
				GCC_PREPROCESSOR_DEFINITIONS = (
					"DEBUG=1",
					"$(inherited)",
				);
				INFOPLIST_FILE = Crazy21Tests/Info.plist;
				LD_RUNPATH_SEARCH_PATHS = "$(inherited) @executable_path/Frameworks @loader_path/Frameworks";
				PRODUCT_NAME = "$(TARGET_NAME)";
				TEST_HOST = "$(BUILT_PRODUCTS_DIR)/Crazy21.app/Crazy21";
			};
			name = Debug;
		};
		B12F057F1BF9D0ED00ABDEB6 /* Release */ = {
			isa = XCBuildConfiguration;
			buildSettings = {
				BUNDLE_LOADER = "$(TEST_HOST)";
				FRAMEWORK_SEARCH_PATHS = (
					"$(SDKROOT)/Developer/Library/Frameworks",
					"$(inherited)",
				);
				INFOPLIST_FILE = Crazy21Tests/Info.plist;
				LD_RUNPATH_SEARCH_PATHS = "$(inherited) @executable_path/Frameworks @loader_path/Frameworks";
				PRODUCT_NAME = "$(TARGET_NAME)";
				TEST_HOST = "$(BUILT_PRODUCTS_DIR)/Crazy21.app/Crazy21";
			};
			name = Release;
		};
/* End XCBuildConfiguration section */

/* Begin XCConfigurationList section */
		B12F05521BF9D0ED00ABDEB6 /* Build configuration list for PBXProject "Crazy21" */ = {
			isa = XCConfigurationList;
			buildConfigurations = (
				B12F05781BF9D0ED00ABDEB6 /* Debug */,
				B12F05791BF9D0ED00ABDEB6 /* Release */,
			);
			defaultConfigurationIsVisible = 0;
			defaultConfigurationName = Release;
		};
		B12F057A1BF9D0ED00ABDEB6 /* Build configuration list for PBXNativeTarget "Crazy21" */ = {
			isa = XCConfigurationList;
			buildConfigurations = (
				B12F057B1BF9D0ED00ABDEB6 /* Debug */,
				B12F057C1BF9D0ED00ABDEB6 /* Release */,
			);
			defaultConfigurationIsVisible = 0;
		};
		B12F057D1BF9D0ED00ABDEB6 /* Build configuration list for PBXNativeTarget "Crazy21Tests" */ = {
			isa = XCConfigurationList;
			buildConfigurations = (
				B12F057E1BF9D0ED00ABDEB6 /* Debug */,
				B12F057F1BF9D0ED00ABDEB6 /* Release */,
			);
			defaultConfigurationIsVisible = 0;
		};
/* End XCConfigurationList section */
	};
	rootObject = B12F054F1BF9D0ED00ABDEB6 /* Project object */;
}
